<Solution>
  <Project Path="ScanBridgeExtention/ScanBridgeExtention.csproj" />
  <Project Path="src/ScanBridge.csproj" />
  <Project Path="src/Tray/ScanBridgeTray.csproj" />
  <Project Path="xTrackOrders/xTrackOrders.csproj" Id="a3766c66-2705-4e46-a69d-09ff52e219e5">
    <Deploy Solution="Release|*" />
  </Project>
</Solution>
